Microsoft Visual Studio Solution File, Format Version 12.00
# Visual Studio Version 16
VisualStudioVersion = 16.0.0.0
MinimumVisualStudioVersion = 16.0.0.0
Project("{9A19103F-16F7-4668-BE54-9A1E7A4F7556}") = "Coronavirus.Server", "Server\Coronavirus.Server.csproj", "{F72D3B4D-3467-47B9-826C-DAEE501CBE2E}"
EndProject
Project("{9A19103F-16F7-4668-BE54-9A1E7A4F7556}") = "Coronavirus.Client", "Client\Coronavirus.Client.csproj", "{72D9E41A-7B10-4062-B7D9-EADFAF9E9CBE}"
EndProject
Project("{9A19103F-16F7-4668-BE54-9A1E7A4F7556}") = "Coronavirus.Shared", "Shared\Coronavirus.Shared.csproj", "{D547AD11-6CDE-4953-BB0C-B56C8532A29E}"
EndProject
Global
	GlobalSection(SolutionConfigurationPlatforms) = preSolution
		Debug|Any CPU = Debug|Any CPU
		Debug|x64 = Debug|x64
		Debug|x86 = Debug|x86
		Release|Any CPU = Release|Any CPU
		Release|x64 = Release|x64
		Release|x86 = Release|x86
	EndGlobalSection
	GlobalSection(ProjectConfigurationPlatforms) = postSolution
		{72D9E41A-7B10-4062-B7D9-EADFAF9E9CBE}.Debug|Any CPU.ActiveCfg = Debug|Any CPU
		{72D9E41A-7B10-4062-B7D9-EADFAF9E9CBE}.Debug|Any CPU.Build.0 = Debug|Any CPU
		{72D9E41A-7B10-4062-B7D9-EADFAF9E9CBE}.Debug|x64.ActiveCfg = Debug|Any CPU
		{72D9E41A-7B10-4062-B7D9-EADFAF9E9CBE}.Debug|x64.Build.0 = Debug|Any CPU
		{72D9E41A-7B10-4062-B7D9-EADFAF9E9CBE}.Debug|x86.ActiveCfg = Debug|Any CPU
		{72D9E41A-7B10-4062-B7D9-EADFAF9E9CBE}.Debug|x86.Build.0 = Debug|Any CPU
		{72D9E41A-7B10-4062-B7D9-EADFAF9E9CBE}.Release|Any CPU.ActiveCfg = Release|Any CPU
		{72D9E41A-7B10-4062-B7D9-EADFAF9E9CBE}.Release|Any CPU.Build.0 = Release|Any CPU
		{72D9E41A-7B10-4062-B7D9-EADFAF9E9CBE}.Release|x64.ActiveCfg = Release|Any CPU
		{72D9E41A-7B10-4062-B7D9-EADFAF9E9CBE}.Release|x64.Build.0 = Release|Any CPU
		{72D9E41A-7B10-4062-B7D9-EADFAF9E9CBE}.Release|x86.ActiveCfg = Release|Any CPU
		{72D9E41A-7B10-4062-B7D9-EADFAF9E9CBE}.Release|x86.Build.0 = Release|Any CPU
		{F72D3B4D-3467-47B9-826C-DAEE501CBE2E}.Debug|Any CPU.ActiveCfg = Debug|Any CPU
		{F72D3B4D-3467-47B9-826C-DAEE501CBE2E}.Debug|Any CPU.Build.0 = Debug|Any CPU
		{F72D3B4D-3467-47B9-826C-DAEE501CBE2E}.Debug|x64.ActiveCfg = Debug|Any CPU
		{F72D3B4D-3467-47B9-826C-DAEE501CBE2E}.Debug|x64.Build.0 = Debug|Any CPU
		{F72D3B4D-3467-47B9-826C-DAEE501CBE2E}.Debug|x86.ActiveCfg = Debug|Any CPU
		{F72D3B4D-3467-47B9-826C-DAEE501CBE2E}.Debug|x86.Build.0 = Debug|Any CPU
		{F72D3B4D-3467-47B9-826C-DAEE501CBE2E}.Release|Any CPU.ActiveCfg = Release|Any CPU
		{F72D3B4D-3467-47B9-826C-DAEE501CBE2E}.Release|Any CPU.Build.0 = Release|Any CPU
		{F72D3B4D-3467-47B9-826C-DAEE501CBE2E}.Release|x64.ActiveCfg = Release|Any CPU
		{F72D3B4D-3467-47B9-826C-DAEE501CBE2E}.Release|x64.Build.0 = Release|Any CPU
		{F72D3B4D-3467-47B9-826C-DAEE501CBE2E}.Release|x86.ActiveCfg = Release|Any CPU
		{F72D3B4D-3467-47B9-826C-DAEE501CBE2E}.Release|x86.Build.0 = Release|Any CPU
		{D547AD11-6CDE-4953-BB0C-B56C8532A29E}.Debug|Any CPU.ActiveCfg = Debug|Any CPU
		{D547AD11-6CDE-4953-BB0C-B56C8532A29E}.Debug|Any CPU.Build.0 = Debug|Any CPU
		{D547AD11-6CDE-4953-BB0C-B56C8532A29E}.Debug|x64.ActiveCfg = Debug|Any CPU
		{D547AD11-6CDE-4953-BB0C-B56C8532A29E}.Debug|x64.Build.0 = Debug|Any CPU
		{D547AD11-6CDE-4953-BB0C-B56C8532A29E}.Debug|x86.ActiveCfg = Debug|Any CPU
		{D547AD11-6CDE-4953-BB0C-B56C8532A29E}.Debug|x86.Build.0 = Debug|Any CPU
		{D547AD11-6CDE-4953-BB0C-B56C8532A29E}.Release|Any CPU.ActiveCfg = Release|Any CPU
		{D547AD11-6CDE-4953-BB0C-B56C8532A29E}.Release|Any CPU.Build.0 = Release|Any CPU
		{D547AD11-6CDE-4953-BB0C-B56C8532A29E}.Release|x64.ActiveCfg = Release|Any CPU
		{D547AD11-6CDE-4953-BB0C-B56C8532A29E}.Release|x64.Build.0 = Release|Any CPU
		{D547AD11-6CDE-4953-BB0C-B56C8532A29E}.Release|x86.ActiveCfg = Release|Any CPU
		{D547AD11-6CDE-4953-BB0C-B56C8532A29E}.Release|x86.Build.0 = Release|Any CPU
	EndGlobalSection
	GlobalSection(SolutionProperties) = preSolution
		HideSolutionNode = FALSE
	EndGlobalSection
	GlobalSection(ExtensibilityGlobals) = postSolution
		SolutionGuid = {8FFA4855-6C8D-4300-9CAA-0B34B21C947D}
	EndGlobalSection
EndGlobal